
Microsoft Visual Studio Solution File, Format Version 12.00
# Visual Studio 15
VisualStudioVersion = 15.0.26124.0
MinimumVisualStudioVersion = 15.0.26124.0
Project("{2150E333-8FDC-42A3-9474-1A3956D46DE8}") = "src", "src", "{4C13F415-F5FC-4765-8E23-AD3A98CC6E2A}"
EndProject
Project("{9A19103F-16F7-4668-BE54-9A1E7A4F7556}") = "ReactPlayground.Web", "src\ReactPlayground.web\ReactPlayground.Web.csproj", "{657FD6E7-2752-44FE-B8CD-A3C7E476773C}"
EndProject
Global
	GlobalSection(SolutionConfigurationPlatforms) = preSolution
		Debug|Any CPU = Debug|Any CPU
		Debug|x64 = Debug|x64
		Debug|x86 = Debug|x86
		Release|Any CPU = Release|Any CPU
		Release|x64 = Release|x64
		Release|x86 = Release|x86
	EndGlobalSection
	GlobalSection(ProjectConfigurationPlatforms) = postSolution
		{657FD6E7-2752-44FE-B8CD-A3C7E476773C}.Debug|Any CPU.ActiveCfg = Debug|Any CPU
		{657FD6E7-2752-44FE-B8CD-A3C7E476773C}.Debug|Any CPU.Build.0 = Debug|Any CPU
		{657FD6E7-2752-44FE-B8CD-A3C7E476773C}.Debug|x64.ActiveCfg = Debug|Any CPU
		{657FD6E7-2752-44FE-B8CD-A3C7E476773C}.Debug|x64.Build.0 = Debug|Any CPU
		{657FD6E7-2752-44FE-B8CD-A3C7E476773C}.Debug|x86.ActiveCfg = Debug|Any CPU
		{657FD6E7-2752-44FE-B8CD-A3C7E476773C}.Debug|x86.Build.0 = Debug|Any CPU
		{657FD6E7-2752-44FE-B8CD-A3C7E476773C}.Release|Any CPU.ActiveCfg = Release|Any CPU
		{657FD6E7-2752-44FE-B8CD-A3C7E476773C}.Release|Any CPU.Build.0 = Release|Any CPU
		{657FD6E7-2752-44FE-B8CD-A3C7E476773C}.Release|x64.ActiveCfg = Release|Any CPU
		{657FD6E7-2752-44FE-B8CD-A3C7E476773C}.Release|x64.Build.0 = Release|Any CPU
		{657FD6E7-2752-44FE-B8CD-A3C7E476773C}.Release|x86.ActiveCfg = Release|Any CPU
		{657FD6E7-2752-44FE-B8CD-A3C7E476773C}.Release|x86.Build.0 = Release|Any CPU
	EndGlobalSection
	GlobalSection(SolutionProperties) = preSolution
		HideSolutionNode = FALSE
	EndGlobalSection
	GlobalSection(NestedProjects) = preSolution
		{657FD6E7-2752-44FE-B8CD-A3C7E476773C} = {4C13F415-F5FC-4765-8E23-AD3A98CC6E2A}
	EndGlobalSection
	GlobalSection(ExtensibilityGlobals) = postSolution
		SolutionGuid = {FDDC4923-F9DA-4F14-9F4C-842059E5E87A}
	EndGlobalSection
EndGlobal
